
Microsoft Visual Studio Solution File, Format Version 12.00
# Visual Studio Version 17
VisualStudioVersion = 17.14.36414.22
MinimumVisualStudioVersion = 10.0.40219.1
Project("{FAE04EC0-301F-11D3-BF4B-00C04F79EFBC}") = "Domain", "Domain\Domain.csproj", "{B2FDAF32-DAA3-4D27-9814-4BF31167B729}"
EndProject
Project("{FAE04EC0-301F-11D3-BF4B-00C04F79EFBC}") = "Infrastructure", "Infrastructure\Infrastructure.csproj", "{2B09796C-11F0-4041-9BF4-F71BFBC929DE}"
EndProject
Global
	GlobalSection(SolutionConfigurationPlatforms) = preSolution
		Debug|Any CPU = Debug|Any CPU
		Release|Any CPU = Release|Any CPU
	EndGlobalSection
	GlobalSection(ProjectConfigurationPlatforms) = postSolution
		{B2FDAF32-DAA3-4D27-9814-4BF31167B729}.Debug|Any CPU.ActiveCfg = Debug|Any CPU
		{B2FDAF32-DAA3-4D27-9814-4BF31167B729}.Debug|Any CPU.Build.0 = Debug|Any CPU
		{B2FDAF32-DAA3-4D27-9814-4BF31167B729}.Release|Any CPU.ActiveCfg = Release|Any CPU
		{B2FDAF32-DAA3-4D27-9814-4BF31167B729}.Release|Any CPU.Build.0 = Release|Any CPU
		{2B09796C-11F0-4041-9BF4-F71BFBC929DE}.Debug|Any CPU.ActiveCfg = Debug|Any CPU
		{2B09796C-11F0-4041-9BF4-F71BFBC929DE}.Debug|Any CPU.Build.0 = Debug|Any CPU
		{2B09796C-11F0-4041-9BF4-F71BFBC929DE}.Release|Any CPU.ActiveCfg = Release|Any CPU
		{2B09796C-11F0-4041-9BF4-F71BFBC929DE}.Release|Any CPU.Build.0 = Release|Any CPU
	EndGlobalSection
	GlobalSection(SolutionProperties) = preSolution
		HideSolutionNode = FALSE
	EndGlobalSection
	GlobalSection(ExtensibilityGlobals) = postSolution
		SolutionGuid = {79D4E000-4F9B-443E-B0CF-4111A48DC3F2}
	EndGlobalSection
EndGlobal
